
Microsoft Visual Studio Solution File, Format Version 12.00
# Visual Studio 14
VisualStudioVersion = 14.0.25420.1
MinimumVisualStudioVersion = 10.0.40219.1
Project("{2150E333-8FDC-42A3-9474-1A3956D46DE8}") = "src", "src", "{7723C253-B44F-4038-A064-EE4282BF693F}"
EndProject
Project("{2150E333-8FDC-42A3-9474-1A3956D46DE8}") = "Solution Items", "Solution Items", "{4977F975-9A69-4444-936F-FC9E34C9BC34}"
	ProjectSection(SolutionItems) = preProject
		global.json = global.json
	EndProjectSection
EndProject
Project("{8BB2217D-0F2D-49D1-97BC-3654ED321F3B}") = "BasicAuthentication", "src\BasicAuthentication\BasicAuthentication.xproj", "{08F41B84-E98D-46D9-8EFD-25AC27562935}"
EndProject
Global
	GlobalSection(SolutionConfigurationPlatforms) = preSolution
		Debug|Any CPU = Debug|Any CPU
		Release|Any CPU = Release|Any CPU
	EndGlobalSection
	GlobalSection(ProjectConfigurationPlatforms) = postSolution
		{08F41B84-E98D-46D9-8EFD-25AC27562935}.Debug|Any CPU.ActiveCfg = Debug|Any CPU
		{08F41B84-E98D-46D9-8EFD-25AC27562935}.Debug|Any CPU.Build.0 = Debug|Any CPU
		{08F41B84-E98D-46D9-8EFD-25AC27562935}.Release|Any CPU.ActiveCfg = Release|Any CPU
		{08F41B84-E98D-46D9-8EFD-25AC27562935}.Release|Any CPU.Build.0 = Release|Any CPU
	EndGlobalSection
	GlobalSection(SolutionProperties) = preSolution
		HideSolutionNode = FALSE
	EndGlobalSection
	GlobalSection(NestedProjects) = preSolution
		{08F41B84-E98D-46D9-8EFD-25AC27562935} = {7723C253-B44F-4038-A064-EE4282BF693F}
	EndGlobalSection
EndGlobal
